
Microsoft Visual Studio Solution File, Format Version 12.00
# Visual Studio Version 17
VisualStudioVersion = 17.7.34031.279
MinimumVisualStudioVersion = 10.0.40219.1
Project("{9A19103F-16F7-4668-BE54-9A1E7A4F7556}") = "Dashboard", "Dashboard.csproj", "{B0EF5475-9BA5-4A92-9DF0-37471DBABF5D}"
EndProject
Global
	GlobalSection(SolutionConfigurationPlatforms) = preSolution
		Debug|Any CPU = Debug|Any CPU
		Release|Any CPU = Release|Any CPU
	EndGlobalSection
	GlobalSection(ProjectConfigurationPlatforms) = postSolution
		{B0EF5475-9BA5-4A92-9DF0-37471DBABF5D}.Debug|Any CPU.ActiveCfg = Debug|Any CPU
		{B0EF5475-9BA5-4A92-9DF0-37471DBABF5D}.Debug|Any CPU.Build.0 = Debug|Any CPU
		{B0EF5475-9BA5-4A92-9DF0-37471DBABF5D}.Release|Any CPU.ActiveCfg = Release|Any CPU
		{B0EF5475-9BA5-4A92-9DF0-37471DBABF5D}.Release|Any CPU.Build.0 = Release|Any CPU
	EndGlobalSection
	GlobalSection(SolutionProperties) = preSolution
		HideSolutionNode = FALSE
	EndGlobalSection
	GlobalSection(ExtensibilityGlobals) = postSolution
		SolutionGuid = {085A2C37-016D-44CE-B624-D50AC95633F4}
	EndGlobalSection
EndGlobal
